
Microsoft Visual Studio Solution File, Format Version 12.00
# Visual Studio Version 17
VisualStudioVersion = 17.11.35312.102
MinimumVisualStudioVersion = 10.0.40219.1
Project("{FAE04EC0-301F-11D3-BF4B-00C04F79EFBC}") = "Speakify", "Speakify\Speakify\Speakify.csproj", "{4D4E546B-34C7-4986-B294-084BBA49EB15}"
EndProject
Project("{FAE04EC0-301F-11D3-BF4B-00C04F79EFBC}") = "Speakify.Client", "Speakify\Speakify.Client\Speakify.Client.csproj", "{87703A21-1AA0-4CF4-B57E-EC468335C49C}"
EndProject
Global
	GlobalSection(SolutionConfigurationPlatforms) = preSolution
		Debug|Any CPU = Debug|Any CPU
		Release|Any CPU = Release|Any CPU
	EndGlobalSection
	GlobalSection(ProjectConfigurationPlatforms) = postSolution
		{4D4E546B-34C7-4986-B294-084BBA49EB15}.Debug|Any CPU.ActiveCfg = Debug|Any CPU
		{4D4E546B-34C7-4986-B294-084BBA49EB15}.Debug|Any CPU.Build.0 = Debug|Any CPU
		{4D4E546B-34C7-4986-B294-084BBA49EB15}.Release|Any CPU.ActiveCfg = Release|Any CPU
		{4D4E546B-34C7-4986-B294-084BBA49EB15}.Release|Any CPU.Build.0 = Release|Any CPU
		{87703A21-1AA0-4CF4-B57E-EC468335C49C}.Debug|Any CPU.ActiveCfg = Debug|Any CPU
		{87703A21-1AA0-4CF4-B57E-EC468335C49C}.Debug|Any CPU.Build.0 = Debug|Any CPU
		{87703A21-1AA0-4CF4-B57E-EC468335C49C}.Release|Any CPU.ActiveCfg = Release|Any CPU
		{87703A21-1AA0-4CF4-B57E-EC468335C49C}.Release|Any CPU.Build.0 = Release|Any CPU
	EndGlobalSection
	GlobalSection(SolutionProperties) = preSolution
		HideSolutionNode = FALSE
	EndGlobalSection
	GlobalSection(ExtensibilityGlobals) = postSolution
		SolutionGuid = {8B5D78E1-1506-4F54-9C6D-7FD1058EDEE9}
	EndGlobalSection
EndGlobal
